{
  "requires": true,
  "lockfileVersion": 1,
  "dependencies": {
    "bl": {
      "version": "1.2.1",
      "resolved": "https://registry.npmjs.org/bl/-/bl-1.2.1.tgz",
      "integrity": "sha1-ysMo977kVzDUBLaSID/LWQ4XLV4=",
      "requires": {
        "readable-stream": "2.3.3"
      }
    },
    "core-util-is": {
      "version": "1.0.2",
      "resolved": "https://registry.npmjs.org/core-util-is/-/core-util-is-1.0.2.tgz",
      "integrity": "sha1-tf1UIgqivFq1eqtxQMlAdUUDwac="
    },
    "eslint": {
      "version": "0.21.2",
      "resolved": "https://registry.npmjs.org/eslint/-/eslint-0.21.2.tgz",
      "integrity": "sha1-vt3yR4ANSGf2sQUdIkvbg8LSAcc=",
      "requires": {
        "chalk": "1.0.0",
        "concat-stream": "1.4.8",
        "debug": "2.2.0",
        "doctrine": "0.6.4",
        "escape-string-regexp": "1.0.3",
        "escope": "3.0.1",
        "espree": "2.0.2",
        "estraverse": "2.0.0",
        "estraverse-fb": "1.3.1",
        "globals": "6.4.1",
        "inquirer": "0.8.5",
        "js-yaml": "3.3.1",
        "minimatch": "2.0.8",
        "mkdirp": "0.5.1",
        "object-assign": "2.0.0",
        "optionator": "0.5.0",
        "path-is-absolute": "1.0.0",
        "strip-json-comments": "1.0.2",
        "text-table": "0.2.0",
        "user-home": "1.1.1",
        "xml-escape": "1.0.0"
      },
      "dependencies": {
        "chalk": {
          "version": "1.0.0",
          "resolved": "https://registry.npmjs.org/chalk/-/chalk-1.0.0.tgz",
          "integrity": "sha1-s89O0P9Tl8mcdbj2edsvUoMfltw=",
          "requires": {
            "ansi-styles": "2.0.1",
            "escape-string-regexp": "1.0.3",
            "has-ansi": "1.0.3",
            "strip-ansi": "2.0.1",
            "supports-color": "1.3.1"
          },
          "dependencies": {
            "ansi-styles": {
              "version": "2.0.1",
              "resolved": "https://registry.npmjs.org/ansi-styles/-/ansi-styles-2.0.1.tgz",
              "integrity": "sha1-sDP1f5Pi0oreuLwRE4+hPaD9IKM="
            },
            "has-ansi": {
              "version": "1.0.3",
              "resolved": "https://registry.npmjs.org/has-ansi/-/has-ansi-1.0.3.tgz",
              "integrity": "sha1-wLWxYV2eOCsP9nFp2We0JeSMpTg=",
              "requires": {
                "ansi-regex": "1.1.1",
                "get-stdin": "4.0.1"
              },
              "dependencies": {
                "ansi-regex": {
                  "version": "1.1.1",
                  "resolved": "https://registry.npmjs.org/ansi-regex/-/ansi-regex-1.1.1.tgz",
                  "integrity": "sha1-QchHGUZGN15qGl0Qw8oFTvn8mA0="
                },
                "get-stdin": {
                  "version": "4.0.1",
                  "resolved": "https://registry.npmjs.org/get-stdin/-/get-stdin-4.0.1.tgz",
                  "integrity": "sha1-uWjGsKBDhDJJAui/Gl3zJXmkUP4="
                }
              }
            },
            "strip-ansi": {
              "version": "2.0.1",
              "resolved": "https://registry.npmjs.org/strip-ansi/-/strip-ansi-2.0.1.tgz",
              "integrity": "sha1-32LBqpTtLxFOHQ8h/R1QSCt5pg4=",
              "requires": {
                "ansi-regex": "1.1.1"
              },
              "dependencies": {
                "ansi-regex": {
                  "version": "1.1.1",
                  "resolved": "https://registry.npmjs.org/ansi-regex/-/ansi-regex-1.1.1.tgz",
                  "integrity": "sha1-QchHGUZGN15qGl0Qw8oFTvn8mA0="
                }
              }
            },
            "supports-color": {
              "version": "1.3.1",
              "resolved": "https://registry.npmjs.org/supports-color/-/supports-color-1.3.1.tgz",
              "integrity": "sha1-FXWN8J2P87SswwdTn6vicJXhBC0="
            }
          }
        },
        "concat-stream": {
          "version": "1.4.8",
          "resolved": "https://registry.npmjs.org/concat-stream/-/concat-stream-1.4.8.tgz",
          "integrity": "sha1-6DJbuJ5VAA5StibZdGb94aKM/l0=",
          "requires": {
            "inherits": "2.0.1",
            "readable-stream": "1.1.13",
            "typedarray": "0.0.6"
          },
          "dependencies": {
            "inherits": {
              "version": "2.0.1",
              "resolved": "https://registry.npmjs.org/inherits/-/inherits-2.0.1.tgz",
              "integrity": "sha1-sX0I0ya0Qj5Wjv9xn5GwscvfafE="
            },
            "readable-stream": {
              "version": "1.1.13",
              "resolved": "https://registry.npmjs.org/readable-stream/-/readable-stream-1.1.13.tgz",
              "integrity": "sha1-9u73ZPUUyJ4rniMUanW6EGdW0j4=",
              "requires": {
                "core-util-is": "1.0.1",
                "inherits": "2.0.1",
                "isarray": "0.0.1",
                "string_decoder": "0.10.31"
              },
              "dependencies": {
                "core-util-is": {
                  "version": "1.0.1",
                  "resolved": "https://registry.npmjs.org/core-util-is/-/core-util-is-1.0.1.tgz",
                  "integrity": "sha1-awcIWu+aPMrG7lO/nT3wwVIaVTg="
                },
                "isarray": {
                  "version": "0.0.1",
                  "resolved": "https://registry.npmjs.org/isarray/-/isarray-0.0.1.tgz",
                  "integrity": "sha1-ihis/Kmo9Bd+Cav8YDiTmwXR7t8="
                },
                "string_decoder": {
                  "version": "0.10.31",
                  "resolved": "https://registry.npmjs.org/string_decoder/-/string_decoder-0.10.31.tgz",
                  "integrity": "sha1-YuIDvEF2bGwoyfyEMB2rHFMQ+pQ="
                }
              }
            },
            "typedarray": {
              "version": "0.0.6",
              "resolved": "https://registry.npmjs.org/typedarray/-/typedarray-0.0.6.tgz",
              "integrity": "sha1-hnrHTjhkGHsdPUfZlqeOxciDB3c="
            }
          }
        },
        "debug": {
          "version": "2.2.0",
          "resolved": "https://registry.npmjs.org/debug/-/debug-2.2.0.tgz",
          "integrity": "sha1-+HBX6ZWxofauaklgZkE3vFbwOdo=",
          "requires": {
            "ms": "0.7.1"
          },
          "dependencies": {
            "ms": {
              "version": "0.7.1",
              "resolved": "https://registry.npmjs.org/ms/-/ms-0.7.1.tgz",
              "integrity": "sha1-nNE8A62/8ltl7/3nzoZO6VIBcJg="
            }
          }
        },
        "doctrine": {
          "version": "0.6.4",
          "resolved": "https://registry.npmjs.org/doctrine/-/doctrine-0.6.4.tgz",
          "integrity": "sha1-gUKEkalC7xiwSSBW7aOADu5X1h0=",
          "requires": {
            "esutils": "1.1.6",
            "isarray": "0.0.1"
          },
          "dependencies": {
            "esutils": {
              "version": "1.1.6",
              "resolved": "https://registry.npmjs.org/esutils/-/esutils-1.1.6.tgz",
              "integrity": "sha1-wBzKqa5LiXxtDD4hCuUvPHqEQ3U="
            },
            "isarray": {
              "version": "0.0.1",
              "resolved": "https://registry.npmjs.org/isarray/-/isarray-0.0.1.tgz",
              "integrity": "sha1-ihis/Kmo9Bd+Cav8YDiTmwXR7t8="
            }
          }
        },
        "escape-string-regexp": {
          "version": "1.0.3",
          "resolved": "https://registry.npmjs.org/escape-string-regexp/-/escape-string-regexp-1.0.3.tgz",
          "integrity": "sha1-ni2LJbwlVcMzZyN1DgPwmcJzW7U="
        },
        "escope": {
          "version": "3.0.1",
          "resolved": "https://registry.npmjs.org/escope/-/escope-3.0.1.tgz",
          "integrity": "sha1-zBUPJwhSw7aIQTcLIYRzneGLXWE=",
          "requires": {
            "es6-map": "0.1.1",
            "es6-weak-map": "0.1.4",
            "esrecurse": "3.1.1",
            "estraverse": "3.1.0"
          },
          "dependencies": {
            "es6-map": {
              "version": "0.1.1",
              "resolved": "https://registry.npmjs.org/es6-map/-/es6-map-0.1.1.tgz",
              "integrity": "sha1-uHkjnteBngsIxAum4Z+gR8p8jR0=",
              "requires": {
                "d": "0.1.1",
                "es5-ext": "0.10.7",
                "es6-iterator": "0.1.3",
                "es6-set": "0.1.1",
                "es6-symbol": "0.1.1",
                "event-emitter": "0.3.3"
              },
              "dependencies": {
                "d": {
                  "version": "0.1.1",
                  "resolved": "https://registry.npmjs.org/d/-/d-0.1.1.tgz",
                  "integrity": "sha1-2hhMU10Y2O57oqoim5FACfrhEwk=",
                  "requires": {
                    "es5-ext": "0.10.7"
                  }
                },
                "es5-ext": {
                  "version": "0.10.7",
                  "resolved": "https://registry.npmjs.org/es5-ext/-/es5-ext-0.10.7.tgz",
                  "integrity": "sha1-366lByEwEELi2JwXGdQ0k/qCFlY=",
                  "requires": {
                    "es6-iterator": "0.1.3",
                    "es6-symbol": "2.0.1"
                  },
                  "dependencies": {
                    "es6-symbol": {
                      "version": "2.0.1",
                      "resolved": "https://registry.npmjs.org/es6-symbol/-/es6-symbol-2.0.1.tgz",
                      "integrity": "sha1-dhtcZ8/U8dGK+yNPaR1nhoLLO/M=",
                      "requires": {
                        "d": "0.1.1",
                        "es5-ext": "0.10.7"
                      }
                    }
                  }
                },
                "es6-iterator": {
                  "version": "0.1.3",
                  "resolved": "https://registry.npmjs.org/es6-iterator/-/es6-iterator-0.1.3.tgz",
                  "integrity": "sha1-1vWLjE/EE8JJtLqhl2j45NfIlE4=",
                  "requires": {
                    "d": "0.1.1",
                    "es5-ext": "0.10.7",
                    "es6-symbol": "2.0.1"
                  },
                  "dependencies": {
                    "es6-symbol": {
                      "version": "2.0.1",
                      "resolved": "https://registry.npmjs.org/es6-symbol/-/es6-symbol-2.0.1.tgz",
                      "integrity": "sha1-dhtcZ8/U8dGK+yNPaR1nhoLLO/M=",
                      "requires": {
                        "d": "0.1.1",
                        "es5-ext": "0.10.7"
                      }
                    }
                  }
                },
                "es6-set": {
                  "version": "0.1.1",
                  "resolved": "https://registry.npmjs.org/es6-set/-/es6-set-0.1.1.tgz",
                  "integrity": "sha1-SXzSNcmiaR9Mqg4z3XPvhr3nOKw=",
                  "requires": {
                    "d": "0.1.1",
                    "es5-ext": "0.10.7",
                    "es6-iterator": "0.1.3",
                    "es6-symbol": "0.1.1",
                    "event-emitter": "0.3.3"
                  }
                },
                "es6-symbol": {
                  "version": "0.1.1",
                  "resolved": "https://registry.npmjs.org/es6-symbol/-/es6-symbol-0.1.1.tgz",
                  "integrity": "sha1-nPf6su2v8bHaj+jmi/4/Wspsohg=",
                  "requires": {
                    "d": "0.1.1",
                    "es5-ext": "0.10.7"
                  }
                },
                "event-emitter": {
                  "version": "0.3.3",
                  "resolved": "https://registry.npmjs.org/event-emitter/-/event-emitter-0.3.3.tgz",
                  "integrity": "sha1-346AZUHGirj/IKeaGEG5GrqhvuQ=",
                  "requires": {
                    "d": "0.1.1",
                    "es5-ext": "0.10.7"
                  }
                }
              }
            },
            "es6-weak-map": {
              "version": "0.1.4",
              "resolved": "https://registry.npmjs.org/es6-weak-map/-/es6-weak-map-0.1.4.tgz",
              "integrity": "sha1-cGzvnpmqI2undmwjnIueKG6n0ig=",
              "requires": {
                "d": "0.1.1",
                "es5-ext": "0.10.7",
                "es6-iterator": "0.1.3",
                "es6-symbol": "2.0.1"
              },
              "dependencies": {
                "d": {
                  "version": "0.1.1",
                  "resolved": "https://registry.npmjs.org/d/-/d-0.1.1.tgz",
                  "integrity": "sha1-2hhMU10Y2O57oqoim5FACfrhEwk=",
                  "requires": {
                    "es5-ext": "0.10.7"
                  }
                },
                "es5-ext": {
                  "version": "0.10.7",
                  "resolved": "https://registry.npmjs.org/es5-ext/-/es5-ext-0.10.7.tgz",
                  "integrity": "sha1-366lByEwEELi2JwXGdQ0k/qCFlY=",
                  "requires": {
                    "es6-iterator": "0.1.3",
                    "es6-symbol": "2.0.1"
                  }
                },
                "es6-iterator": {
                  "version": "0.1.3",
                  "resolved": "https://registry.npmjs.org/es6-iterator/-/es6-iterator-0.1.3.tgz",
                  "integrity": "sha1-1vWLjE/EE8JJtLqhl2j45NfIlE4=",
                  "requires": {
                    "d": "0.1.1",
                    "es5-ext": "0.10.7",
                    "es6-symbol": "2.0.1"
                  }
                },
                "es6-symbol": {
                  "version": "2.0.1",
                  "resolved": "https://registry.npmjs.org/es6-symbol/-/es6-symbol-2.0.1.tgz",
                  "integrity": "sha1-dhtcZ8/U8dGK+yNPaR1nhoLLO/M=",
                  "requires": {
                    "d": "0.1.1",
                    "es5-ext": "0.10.7"
                  }
                }
              }
            },
            "esrecurse": {
              "version": "3.1.1",
              "resolved": "https://registry.npmjs.org/esrecurse/-/esrecurse-3.1.1.tgz",
              "integrity": "sha1-j+uWNpnU0bLWWlds1LEpZnKg8Ok=",
              "requires": {
                "estraverse": "3.1.0"
              }
            },
            "estraverse": {
              "version": "3.1.0",
              "resolved": "https://registry.npmjs.org/estraverse/-/estraverse-3.1.0.tgz",
              "integrity": "sha1-FeKKRGuLgrxwDMyLlseK9NoNbLo="
            }
          }
        },
        "espree": {
          "version": "2.0.2",
          "resolved": "https://registry.npmjs.org/espree/-/espree-2.0.2.tgz",
          "integrity": "sha1-ra79gDrVAXeeIGOzV1Sa4zZv0Uw="
        },
        "estraverse": {
          "version": "2.0.0",
          "resolved": "https://registry.npmjs.org/estraverse/-/estraverse-2.0.0.tgz",
          "integrity": "sha1-WuRpYyQ2ACBmdMyySgnhZnT83KE="
        },
        "estraverse-fb": {
          "version": "1.3.1",
          "resolved": "https://registry.npmjs.org/estraverse-fb/-/estraverse-fb-1.3.1.tgz",
          "integrity": "sha1-Fg51qA5gWwjOiUvM4v4+Qpq/kr8="
        },
        "globals": {
          "version": "6.4.1",
          "resolved": "https://registry.npmjs.org/globals/-/globals-6.4.1.tgz",
          "integrity": "sha1-hJgDKzttHMge68X3lpDY/in6v08="
        },
        "inquirer": {
          "version": "0.8.5",
          "resolved": "https://registry.npmjs.org/inquirer/-/inquirer-0.8.5.tgz",
          "integrity": "sha1-29dAz2yjtzEpamPOb22WGFHzNt8=",
          "requires": {
            "ansi-regex": "1.1.1",
            "chalk": "1.0.0",
            "cli-width": "1.0.1",
            "figures": "1.3.5",
            "lodash": "3.9.1",
            "readline2": "0.1.1",
            "rx": "2.5.2",
            "through": "2.3.7"
          },
          "dependencies": {
            "ansi-regex": {
              "version": "1.1.1",
              "resolved": "https://registry.npmjs.org/ansi-regex/-/ansi-regex-1.1.1.tgz",
              "integrity": "sha1-QchHGUZGN15qGl0Qw8oFTvn8mA0="
            },
            "cli-width": {
              "version": "1.0.1",
              "resolved": "https://registry.npmjs.org/cli-width/-/cli-width-1.0.1.tgz",
              "integrity": "sha1-FNT2hwI02R6X992B52voJxQQoe8="
            },
            "figures": {
              "version": "1.3.5",
              "resolved": "https://registry.npmjs.org/figures/-/figures-1.3.5.tgz",
              "integrity": "sha1-0aMfTh0sKTjs3lwGqhYTTPKfR3E="
            },
            "lodash": {
              "version": "3.9.1",
              "resolved": "https://registry.npmjs.org/lodash/-/lodash-3.9.1.tgz",
              "integrity": "sha1-UQI3LsqizPcf7GO1W0RkLut3tZo="
            },
            "readline2": {
              "version": "0.1.1",
              "resolved": "https://registry.npmjs.org/readline2/-/readline2-0.1.1.tgz",
              "integrity": "sha1-mUQ7pug7gw7zBRv9fcJBqCco1Wg=",
              "requires": {
                "mute-stream": "0.0.4",
                "strip-ansi": "2.0.1"
              },
              "dependencies": {
                "mute-stream": {
                  "version": "0.0.4",
                  "resolved": "https://registry.npmjs.org/mute-stream/-/mute-stream-0.0.4.tgz",
                  "integrity": "sha1-qSGZYKbV1dBGWXruUSUsZlX3F34="
                },
                "strip-ansi": {
                  "version": "2.0.1",
                  "resolved": "https://registry.npmjs.org/strip-ansi/-/strip-ansi-2.0.1.tgz",
                  "integrity": "sha1-32LBqpTtLxFOHQ8h/R1QSCt5pg4=",
                  "requires": {
                    "ansi-regex": "1.1.1"
                  }
                }
              }
            },
            "rx": {
              "version": "2.5.2",
              "resolved": "https://registry.npmjs.org/rx/-/rx-2.5.2.tgz",
              "integrity": "sha1-UvI2tabSTlOKofuogVKQkyKgKIY="
            },
            "through": {
              "version": "2.3.7",
              "resolved": "https://registry.npmjs.org/through/-/through-2.3.7.tgz",
              "integrity": "sha1-X8w2kP7S/fmMb8iLTSB6RiSsO4c="
            }
          }
        },
        "js-yaml": {
          "version": "3.3.1",
          "resolved": "https://registry.npmjs.org/js-yaml/-/js-yaml-3.3.1.tgz",
          "integrity": "sha1-yhrNNCPsJ10SFAp7q1HbAVugs8A=",
          "requires": {
            "argparse": "1.0.2",
            "esprima": "2.2.0"
          },
          "dependencies": {
            "argparse": {
              "version": "1.0.2",
              "resolved": "https://registry.npmjs.org/argparse/-/argparse-1.0.2.tgz",
              "integrity": "sha1-vPrjkFllbRlz0LnmoadBVLWpoTY=",
              "requires": {
                "lodash": "3.9.1",
                "sprintf-js": "1.0.2"
              },
              "dependencies": {
                "lodash": {
                  "version": "3.9.1",
                  "resolved": "https://registry.npmjs.org/lodash/-/lodash-3.9.1.tgz",
                  "integrity": "sha1-UQI3LsqizPcf7GO1W0RkLut3tZo="
                },
                "sprintf-js": {
                  "version": "1.0.2",
                  "resolved": "https://registry.npmjs.org/sprintf-js/-/sprintf-js-1.0.2.tgz",
                  "integrity": "sha1-EeTYT/MhRONbC/Omb4WH842PmXg="
                }
              }
            },
            "esprima": {
              "version": "2.2.0",
              "resolved": "https://registry.npmjs.org/esprima/-/esprima-2.2.0.tgz",
              "integrity": "sha1-QpLB1o5Bc9gV+iKQ3Hr8ltgfzYM="
            }
          }
        },
        "minimatch": {
          "version": "2.0.8",
          "resolved": "https://registry.npmjs.org/minimatch/-/minimatch-2.0.8.tgz",
          "integrity": "sha1-C8IPa/NXCmmO8N3/kCBjxsq9pr8=",
          "requires": {
            "brace-expansion": "1.1.0"
          },
          "dependencies": {
            "brace-expansion": {
              "version": "1.1.0",
              "resolved": "https://registry.npmjs.org/brace-expansion/-/brace-expansion-1.1.0.tgz",
              "integrity": "sha1-ybfQPAPze8cEvhAOUitA249s/Nk=",
              "requires": {
                "balanced-match": "0.2.0",
                "concat-map": "0.0.1"
              },
              "dependencies": {
                "balanced-match": {
                  "version": "0.2.0",
                  "resolved": "https://registry.npmjs.org/balanced-match/-/balanced-match-0.2.0.tgz",
                  "integrity": "sha1-OPZzDAOqttXtu1K9k0iF51bXFnQ="
                },
                "concat-map": {
                  "version": "0.0.1",
                  "resolved": "https://registry.npmjs.org/concat-map/-/concat-map-0.0.1.tgz",
                  "integrity": "sha1-2Klr13/Wjfd5OnMDajug1UBdR3s="
                }
              }
            }
          }
        },
        "mkdirp": {
          "version": "0.5.1",
          "resolved": "https://registry.npmjs.org/mkdirp/-/mkdirp-0.5.1.tgz",
          "integrity": "sha1-MAV0OOrGz3+MR2fzhkjWaX11yQM=",
          "requires": {
            "minimist": "0.0.8"
          },
          "dependencies": {
            "minimist": {
              "version": "0.0.8",
              "resolved": "https://registry.npmjs.org/minimist/-/minimist-0.0.8.tgz",
              "integrity": "sha1-hX/Kv8M5fSYluCKCYuhqp6ARsF0="
            }
          }
        },
        "object-assign": {
          "version": "2.0.0",
          "resolved": "https://registry.npmjs.org/object-assign/-/object-assign-2.0.0.tgz",
          "integrity": "sha1-+DCbCQg7ASYezj73Nz8rV7jdcEI="
        },
        "optionator": {
          "version": "0.5.0",
          "resolved": "https://registry.npmjs.org/optionator/-/optionator-0.5.0.tgz",
          "integrity": "sha1-t1qJlaLUF98ltuTjhi9QqohlE2g=",
          "requires": {
            "deep-is": "0.1.3",
            "fast-levenshtein": "1.0.6",
            "levn": "0.2.5",
            "prelude-ls": "1.1.2",
            "type-check": "0.3.1",
            "wordwrap": "0.0.3"
          },
          "dependencies": {
            "deep-is": {
              "version": "0.1.3",
              "resolved": "https://registry.npmjs.org/deep-is/-/deep-is-0.1.3.tgz",
              "integrity": "sha1-s2nW+128E+7PUk+RsHD+7cNXzzQ="
            },
            "fast-levenshtein": {
              "version": "1.0.6",
              "resolved": "https://registry.npmjs.org/fast-levenshtein/-/fast-levenshtein-1.0.6.tgz",
              "integrity": "sha1-O+2xhOOflcsNiJKGiOax7jJzRGo="
            },
            "levn": {
              "version": "0.2.5",
              "resolved": "https://registry.npmjs.org/levn/-/levn-0.2.5.tgz",
              "integrity": "sha1-uo0znQykphDjo/FFucr0iAcVUFQ=",
              "requires": {
                "prelude-ls": "1.1.2",
                "type-check": "0.3.1"
              }
            },
            "prelude-ls": {
              "version": "1.1.2",
              "resolved": "https://registry.npmjs.org/prelude-ls/-/prelude-ls-1.1.2.tgz",
              "integrity": "sha1-IZMqVJ9eUv/ZqCf1cOBL5iqX2lQ="
            },
            "type-check": {
              "version": "0.3.1",
              "resolved": "https://registry.npmjs.org/type-check/-/type-check-0.3.1.tgz",
              "integrity": "sha1-kjOSPE2hdNCsVIDs/W74TDSetY0=",
              "requires": {
                "prelude-ls": "1.1.2"
              }
            },
            "wordwrap": {
              "version": "0.0.3",
              "resolved": "https://registry.npmjs.org/wordwrap/-/wordwrap-0.0.3.tgz",
              "integrity": "sha1-o9XabNXAvAAI03I0u68b7WMFkQc="
            }
          }
        },
        "path-is-absolute": {
          "version": "1.0.0",
          "resolved": "https://registry.npmjs.org/path-is-absolute/-/path-is-absolute-1.0.0.tgz",
          "integrity": "sha1-Jj2tpmqz8vsQv3+dJN2PPlcO+RI="
        },
        "strip-json-comments": {
          "version": "1.0.2",
          "resolved": "https://registry.npmjs.org/strip-json-comments/-/strip-json-comments-1.0.2.tgz",
          "integrity": "sha1-WkirlgI9usG3uND/q/b2PxZ3vp8="
        },
        "text-table": {
          "version": "0.2.0",
          "resolved": "https://registry.npmjs.org/text-table/-/text-table-0.2.0.tgz",
          "integrity": "sha1-f17oI66AUgfACvLfSoTsP8+lcLQ="
        },
        "user-home": {
          "version": "1.1.1",
          "resolved": "https://registry.npmjs.org/user-home/-/user-home-1.1.1.tgz",
          "integrity": "sha1-K1viOjK2Onyd640PKNSFcko98ZA="
        },
        "xml-escape": {
          "version": "1.0.0",
          "resolved": "https://registry.npmjs.org/xml-escape/-/xml-escape-1.0.0.tgz",
          "integrity": "sha1-AJY9aXsq3wwYXE4E5zF0upsojrI="
        }
      }
    },
    "eslint-plugin-react": {
      "version": "2.3.0",
      "resolved": "https://registry.npmjs.org/eslint-plugin-react/-/eslint-plugin-react-2.3.0.tgz",
      "integrity": "sha1-LXk6Tf8bc/sRF5bkY7SKzQZCAAE="
    },
    "inherits": {
      "version": "2.0.3",
      "resolved": "https://registry.npmjs.org/inherits/-/inherits-2.0.3.tgz",
      "integrity": "sha1-Yzwsg+PaQqUC9SRmAiSA9CCCYd4="
    },
    "isarray": {
      "version": "1.0.0",
      "resolved": "https://registry.npmjs.org/isarray/-/isarray-1.0.0.tgz",
      "integrity": "sha1-u5NdSFgsuhaMBoNJV6VKPgcSTxE="
    },
    "process-nextick-args": {
      "version": "1.0.7",
      "resolved": "https://registry.npmjs.org/process-nextick-args/-/process-nextick-args-1.0.7.tgz",
      "integrity": "sha1-FQ4gt1ZZCtP5EJPyWk8q2L/zC6M="
    },
    "readable-stream": {
      "version": "2.3.3",
      "resolved": "https://registry.npmjs.org/readable-stream/-/readable-stream-2.3.3.tgz",
      "integrity": "sha512-m+qzzcn7KUxEmd1gMbchF+Y2eIUbieUaxkWtptyHywrX0rE8QEYqPC07Vuy4Wm32/xE16NcdBctb8S0Xe/5IeQ==",
      "requires": {
        "core-util-is": "1.0.2",
        "inherits": "2.0.3",
        "isarray": "1.0.0",
        "process-nextick-args": "1.0.7",
        "safe-buffer": "5.1.1",
        "string_decoder": "1.0.3",
        "util-deprecate": "1.0.2"
      }
    },
    "safe-buffer": {
      "version": "5.1.1",
      "resolved": "https://registry.npmjs.org/safe-buffer/-/safe-buffer-5.1.1.tgz",
      "integrity": "sha512-kKvNJn6Mm93gAczWVJg7wH+wGYWNrDHdWvpUmHyEsgCtIwwo3bqPtV4tR5tuPaUhTOo/kvhVwd8XwwOllGYkbg=="
    },
    "string_decoder": {
      "version": "1.0.3",
      "resolved": "https://registry.npmjs.org/string_decoder/-/string_decoder-1.0.3.tgz",
      "integrity": "sha512-4AH6Z5fzNNBcH+6XDMfA/BTt87skxqJlO0lAh3Dker5zThcAxG6mKz+iGu308UKoPPQ8Dcqx/4JhujzltRa+hQ==",
      "requires": {
        "safe-buffer": "5.1.1"
      }
    },
    "through2-map": {
      "version": "2.0.0",
      "resolved": "https://registry.npmjs.org/through2-map/-/through2-map-2.0.0.tgz",
      "integrity": "sha1-RphGcuLC2KQeF29W+1db62TY7X4=",
      "requires": {
        "through2": "2.0.0",
        "xtend": "4.0.0"
      },
      "dependencies": {
        "through2": {
          "version": "2.0.0",
          "resolved": "https://registry.npmjs.org/through2/-/through2-2.0.0.tgz",
          "integrity": "sha1-9BocMd9eEp5DFERvZuygXNajBIA=",
          "requires": {
            "readable-stream": "2.0.2",
            "xtend": "4.0.0"
          },
          "dependencies": {
            "readable-stream": {
              "version": "2.0.2",
              "resolved": "https://registry.npmjs.org/readable-stream/-/readable-stream-2.0.2.tgz",
              "integrity": "sha1-vsgb6ujPRVFovC5bKzH1vPrtmxs=",
              "requires": {
                "core-util-is": "1.0.1",
                "inherits": "2.0.1",
                "isarray": "0.0.1",
                "process-nextick-args": "1.0.2",
                "string_decoder": "0.10.31",
                "util-deprecate": "1.0.1"
              },
              "dependencies": {
                "core-util-is": {
                  "version": "1.0.1",
                  "resolved": "https://registry.npmjs.org/core-util-is/-/core-util-is-1.0.1.tgz",
                  "integrity": "sha1-awcIWu+aPMrG7lO/nT3wwVIaVTg="
                },
                "inherits": {
                  "version": "2.0.1",
                  "resolved": "https://registry.npmjs.org/inherits/-/inherits-2.0.1.tgz",
                  "integrity": "sha1-sX0I0ya0Qj5Wjv9xn5GwscvfafE="
                },
                "isarray": {
                  "version": "0.0.1",
                  "resolved": "https://registry.npmjs.org/isarray/-/isarray-0.0.1.tgz",
                  "integrity": "sha1-ihis/Kmo9Bd+Cav8YDiTmwXR7t8="
                },
                "process-nextick-args": {
                  "version": "1.0.2",
                  "resolved": "https://registry.npmjs.org/process-nextick-args/-/process-nextick-args-1.0.2.tgz",
                  "integrity": "sha1-i00/xYZmi9W2Vz5zLt8rccHB2Ko="
                },
                "string_decoder": {
                  "version": "0.10.31",
                  "resolved": "https://registry.npmjs.org/string_decoder/-/string_decoder-0.10.31.tgz",
                  "integrity": "sha1-YuIDvEF2bGwoyfyEMB2rHFMQ+pQ="
                },
                "util-deprecate": {
                  "version": "1.0.1",
                  "resolved": "https://registry.npmjs.org/util-deprecate/-/util-deprecate-1.0.1.tgz",
                  "integrity": "sha1-NVaj0TxMaqeYPX4kJUeBlxmbeIE="
                }
              }
            }
          }
        },
        "xtend": {
          "version": "4.0.0",
          "resolved": "https://registry.npmjs.org/xtend/-/xtend-4.0.0.tgz",
          "integrity": "sha1-i8Nv+Hrtvnzp6vC8o2sjVKdDhA8="
        }
      }
    },
    "util-deprecate": {
      "version": "1.0.2",
      "resolved": "https://registry.npmjs.org/util-deprecate/-/util-deprecate-1.0.2.tgz",
      "integrity": "sha1-RQ1Nyfpw3nMnYvvS1KKJgUGaDM8="
    }
  }
}
